
Microsoft Visual Studio Solution File, Format Version 12.00
# Visual Studio 14
VisualStudioVersion = 14.0.24720.0
MinimumVisualStudioVersion = 10.0.40219.1
Project("{FAE04EC0-301F-11D3-BF4B-00C04F79EFBC}") = "ClientPortal", "ClientPortal\ClientPortal.csproj", "{A208BB89-9782-40F3-878C-64A6A7323E21}"
EndProject
Project("{FAE04EC0-301F-11D3-BF4B-00C04F79EFBC}") = "ClientPortal.Tests", "ClientPortal.Tests\ClientPortal.Tests.csproj", "{183F1944-58C0-45C2-8CBA-DD844463B251}"
EndProject
Global
	GlobalSection(SolutionConfigurationPlatforms) = preSolution
		Debug|Any CPU = Debug|Any CPU
		Release|Any CPU = Release|Any CPU
	EndGlobalSection
	GlobalSection(ProjectConfigurationPlatforms) = postSolution
		{A208BB89-9782-40F3-878C-64A6A7323E21}.Debug|Any CPU.ActiveCfg = Debug|Any CPU
		{A208BB89-9782-40F3-878C-64A6A7323E21}.Debug|Any CPU.Build.0 = Debug|Any CPU
		{A208BB89-9782-40F3-878C-64A6A7323E21}.Release|Any CPU.ActiveCfg = Release|Any CPU
		{A208BB89-9782-40F3-878C-64A6A7323E21}.Release|Any CPU.Build.0 = Release|Any CPU
		{183F1944-58C0-45C2-8CBA-DD844463B251}.Debug|Any CPU.ActiveCfg = Debug|Any CPU
		{183F1944-58C0-45C2-8CBA-DD844463B251}.Debug|Any CPU.Build.0 = Debug|Any CPU
		{183F1944-58C0-45C2-8CBA-DD844463B251}.Release|Any CPU.ActiveCfg = Release|Any CPU
		{183F1944-58C0-45C2-8CBA-DD844463B251}.Release|Any CPU.Build.0 = Release|Any CPU
	EndGlobalSection
	GlobalSection(SolutionProperties) = preSolution
		HideSolutionNode = FALSE
	EndGlobalSection
EndGlobal
